PODS:
  - Alamofire (4.2.0)
  - CircularSpinner (1.2.0)
  - RSBarcodes_Swift (3.0.3)

DEPENDENCIES:
  - Alamofire (~> 4.0)
  - CircularSpinner
  - RSBarcodes_Swift (~> 3.0.3)

SPEC CHECKSUMS:
  Alamofire: aa2e09d871c9160ac53c90e83c68064a94e3dfbe
  CircularSpinner: 80b8ee3eda59b66d20631d4ca7c7c83720931739
  RSBarcodes_Swift: 3b4a9c2e81fe9f435a26f18a1b8b826665e7cf89

PODFILE CHECKSUM: 5f4fb1297764782829fbfd9f1dd982a3baf0822e

COCOAPODS: 1.1.1
